
Microsoft Visual Studio Solution File, Format Version 12.00
# Visual Studio Version 16
VisualStudioVersion = 16.0.29519.87
MinimumVisualStudioVersion = 10.0.40219.1
Project("{FAE04EC0-301F-11D3-BF4B-00C04F79EFBC}") = "GreatClockTool", "GreatClockTool.csproj", "{0BEDC820-450A-4F71-8C9A-26CDD3742461}"
EndProject
Global
	GlobalSection(SolutionConfigurationPlatforms) = preSolution
		Debug|Any CPU = Debug|Any CPU
		Release|Any CPU = Release|Any CPU
	EndGlobalSection
	GlobalSection(ProjectConfigurationPlatforms) = postSolution
		{0BEDC820-450A-4F71-8C9A-26CDD3742461}.Debug|Any CPU.ActiveCfg = Debug|Any CPU
		{0BEDC820-450A-4F71-8C9A-26CDD3742461}.Debug|Any CPU.Build.0 = Debug|Any CPU
		{0BEDC820-450A-4F71-8C9A-26CDD3742461}.Release|Any CPU.ActiveCfg = Release|Any CPU
		{0BEDC820-450A-4F71-8C9A-26CDD3742461}.Release|Any CPU.Build.0 = Release|Any CPU
	EndGlobalSection
	GlobalSection(SolutionProperties) = preSolution
		HideSolutionNode = FALSE
	EndGlobalSection
	GlobalSection(ExtensibilityGlobals) = postSolution
		SolutionGuid = {64F876CE-3F9E-45A7-A139-9E7A8DF04EEA}
	EndGlobalSection
EndGlobal
